// !$*UTF8*$!
{
	archiveVersion = 1;
	classes = {
	};
	objectVersion = 56;
	objects = {

/* Begin PBXBuildFile section */
		014E9C8D2BF6295500F86A4E /* makeWhiteView.swift in Sources */ = {isa = PBXBuildFile; fileRef = 014E9C8C2BF6295500F86A4E /* makeWhiteView.swift */; };
		014E9C8F2BF62E4300F86A4E /* MakeIcon.swift in Sources */ = {isa = PBXBuildFile; fileRef = 014E9C8E2BF62E4300F86A4E /* MakeIcon.swift */; };
		014E9C912BF6346A00F86A4E /* MakeText.swift in Sources */ = {isa = PBXBuildFile; fileRef = 014E9C902BF6346A00F86A4E /* MakeText.swift */; };
		016062972BF0C0480063D4A3 /* AppDelegate.swift in Sources */ = {isa = PBXBuildFile; fileRef = 016062962BF0C0480063D4A3 /* AppDelegate.swift */; };
		016062992BF0C0480063D4A3 /* SceneDelegate.swift in Sources */ = {isa = PBXBuildFile; fileRef = 016062982BF0C0480063D4A3 /* SceneDelegate.swift */; };
		0160629B2BF0C0480063D4A3 /* ViewController.swift in Sources */ = {isa = PBXBuildFile; fileRef = 0160629A2BF0C0480063D4A3 /* ViewController.swift */; };
		016062A02BF0C0490063D4A3 /* Assets.xcassets in Resources */ = {isa = PBXBuildFile; fileRef = 0160629F2BF0C0490063D4A3 /* Assets.xcassets */; };
		016062A32BF0C0490063D4A3 /* LaunchScreen.storyboard in Resources */ = {isa = PBXBuildFile; fileRef = 016062A12BF0C0490063D4A3 /* LaunchScreen.storyboard */; };
		016062AC2BF0C1050063D4A3 /* Model.swift in Sources */ = {isa = PBXBuildFile; fileRef = 016062AB2BF0C1050063D4A3 /* Model.swift */; };
		016062AE2BF0C1960063D4A3 /* ModelSection.swift in Sources */ = {isa = PBXBuildFile; fileRef = 016062AD2BF0C1960063D4A3 /* ModelSection.swift */; };
		016062B12BF0C3700063D4A3 /* UIView.ext.swift in Sources */ = {isa = PBXBuildFile; fileRef = 016062B02BF0C3700063D4A3 /* UIView.ext.swift */; };
		016062B62BF0C6580063D4A3 /* IconCollectionViewCell.swift in Sources */ = {isa = PBXBuildFile; fileRef = 016062B52BF0C6580063D4A3 /* IconCollectionViewCell.swift */; };
		016062B92BF0C66F0063D4A3 /* CellProtocol.swift in Sources */ = {isa = PBXBuildFile; fileRef = 016062B82BF0C66F0063D4A3 /* CellProtocol.swift */; };
		016062BB2BF0C7630063D4A3 /* NextCollectionViewCell.swift in Sources */ = {isa = PBXBuildFile; fileRef = 016062BA2BF0C7630063D4A3 /* NextCollectionViewCell.swift */; };
		016062BD2BF0CB650063D4A3 /* MakeCircle.swift in Sources */ = {isa = PBXBuildFile; fileRef = 016062BC2BF0CB650063D4A3 /* MakeCircle.swift */; };
		016062BF2BF0D6310063D4A3 /* BackViewController.swift in Sources */ = {isa = PBXBuildFile; fileRef = 016062BE2BF0D6310063D4A3 /* BackViewController.swift */; };
		016062C12BF0D64C0063D4A3 /* NextViewController.swift in Sources */ = {isa = PBXBuildFile; fileRef = 016062C02BF0D64C0063D4A3 /* NextViewController.swift */; };
		016062CC2BF101C50063D4A3 /* UbuntuMedium.ttf in Resources */ = {isa = PBXBuildFile; fileRef = 016062C32BF101C50063D4A3 /* UbuntuMedium.ttf */; };
		016062CE2BF101C50063D4A3 /* UbuntuRegular.ttf in Resources */ = {isa = PBXBuildFile; fileRef = 016062C52BF101C50063D4A3 /* UbuntuRegular.ttf */; };
		016062CF2BF101C50063D4A3 /* UbuntuBold.ttf in Resources */ = {isa = PBXBuildFile; fileRef = 016062C62BF101C50063D4A3 /* UbuntuBold.ttf */; };
/* End PBXBuildFile section */

/* Begin PBXFileReference section */
		014E9C8C2BF6295500F86A4E /* makeWhiteView.swift */ = {isa = PBXFileReference; lastKnownFileType = sourcecode.swift; path = makeWhiteView.swift; sourceTree = "<group>"; };
		014E9C8E2BF62E4300F86A4E /* MakeIcon.swift */ = {isa = PBXFileReference; lastKnownFileType = sourcecode.swift; path = MakeIcon.swift; sourceTree = "<group>"; };
		014E9C902BF6346A00F86A4E /* MakeText.swift */ = {isa = PBXFileReference; lastKnownFileType = sourcecode.swift; path = MakeText.swift; sourceTree = "<group>"; };
		016062932BF0C0480063D4A3 /* Dz_13.app */ = {isa = PBXFileReference; explicitFileType = wrapper.application; includeInIndex = 0; path = Dz_13.app; sourceTree = BUILT_PRODUCTS_DIR; };
		016062962BF0C0480063D4A3 /* AppDelegate.swift */ = {isa = PBXFileReference; lastKnownFileType = sourcecode.swift; path = AppDelegate.swift; sourceTree = "<group>"; };
		016062982BF0C0480063D4A3 /* SceneDelegate.swift */ = {isa = PBXFileReference; lastKnownFileType = sourcecode.swift; path = SceneDelegate.swift; sourceTree = "<group>"; };
		0160629A2BF0C0480063D4A3 /* ViewController.swift */ = {isa = PBXFileReference; lastKnownFileType = sourcecode.swift; path = ViewController.swift; sourceTree = "<group>"; };
		0160629F2BF0C0490063D4A3 /* Assets.xcassets */ = {isa = PBXFileReference; lastKnownFileType = folder.assetcatalog; path = Assets.xcassets; sourceTree = "<group>"; };
		016062A22BF0C0490063D4A3 /* Base */ = {isa = PBXFileReference; lastKnownFileType = file.storyboard; name = Base; path = Base.lproj/LaunchScreen.storyboard; sourceTree = "<group>"; };
		016062A42BF0C0490063D4A3 /* Info.plist */ = {isa = PBXFileReference; lastKnownFileType = text.plist.xml; path = Info.plist; sourceTree = "<group>"; };
		016062AB2BF0C1050063D4A3 /* Model.swift */ = {isa = PBXFileReference; lastKnownFileType = sourcecode.swift; path = Model.swift; sourceTree = "<group>"; };
		016062AD2BF0C1960063D4A3 /* ModelSection.swift */ = {isa = PBXFileReference; lastKnownFileType = sourcecode.swift; path = ModelSection.swift; sourceTree = "<group>"; };
		016062B02BF0C3700063D4A3 /* UIView.ext.swift */ = {isa = PBXFileReference; lastKnownFileType = sourcecode.swift; path = UIView.ext.swift; sourceTree = "<group>"; };
		016062B52BF0C6580063D4A3 /* IconCollectionViewCell.swift */ = {isa = PBXFileReference; lastKnownFileType = sourcecode.swift; path = IconCollectionViewCell.swift; sourceTree = "<group>"; };
		016062B82BF0C66F0063D4A3 /* CellProtocol.swift */ = {isa = PBXFileReference; lastKnownFileType = sourcecode.swift; path = CellProtocol.swift; sourceTree = "<group>"; };
		016062BA2BF0C7630063D4A3 /* NextCollectionViewCell.swift */ = {isa = PBXFileReference; lastKnownFileType = sourcecode.swift; path = NextCollectionViewCell.swift; sourceTree = "<group>"; };
		016062BC2BF0CB650063D4A3 /* MakeCircle.swift */ = {isa = PBXFileReference; lastKnownFileType = sourcecode.swift; path = MakeCircle.swift; sourceTree = "<group>"; };
		016062BE2BF0D6310063D4A3 /* BackViewController.swift */ = {isa = PBXFileReference; lastKnownFileType = sourcecode.swift; path = BackViewController.swift; sourceTree = "<group>"; };
		016062C02BF0D64C0063D4A3 /* NextViewController.swift */ = {isa = PBXFileReference; lastKnownFileType = sourcecode.swift; path = NextViewController.swift; sourceTree = "<group>"; };
		016062C32BF101C50063D4A3 /* UbuntuMedium.ttf */ = {isa = PBXFileReference; lastKnownFileType = file; path = UbuntuMedium.ttf; sourceTree = "<group>"; };
		016062C52BF101C50063D4A3 /* UbuntuRegular.ttf */ = {isa = PBXFileReference; lastKnownFileType = file; path = UbuntuRegular.ttf; sourceTree = "<group>"; };
		016062C62BF101C50063D4A3 /* UbuntuBold.ttf */ = {isa = PBXFileReference; lastKnownFileType = file; path = UbuntuBold.ttf; sourceTree = "<group>"; };
/* End PBXFileReference section */

/* Begin PBXFrameworksBuildPhase section */
		016062902BF0C0480063D4A3 /* Frameworks */ = {
			isa = PBXFrameworksBuildPhase;
			buildActionMask = 2147483647;
			files = (
			);
			runOnlyForDeploymentPostprocessing = 0;
		};
/* End PBXFrameworksBuildPhase section */

/* Begin PBXGroup section */
		0160628A2BF0C0480063D4A3 = {
			isa = PBXGroup;
			children = (
				016062952BF0C0480063D4A3 /* Dz_13 */,
				016062942BF0C0480063D4A3 /* Products */,
			);
			sourceTree = "<group>";
		};
		016062942BF0C0480063D4A3 /* Products */ = {
			isa = PBXGroup;
			children = (
				016062932BF0C0480063D4A3 /* Dz_13.app */,
			);
			name = Products;
			sourceTree = "<group>";
		};
		016062952BF0C0480063D4A3 /* Dz_13 */ = {
			isa = PBXGroup;
			children = (
				016062C22BF101C50063D4A3 /* UbuntuFont */,
				016062AF2BF0C35B0063D4A3 /* Ext */,
				016062B32BF0C6060063D4A3 /* Screen */,
				016062AA2BF0C0F90063D4A3 /* Model */,
				016062962BF0C0480063D4A3 /* AppDelegate.swift */,
				016062982BF0C0480063D4A3 /* SceneDelegate.swift */,
				0160629F2BF0C0490063D4A3 /* Assets.xcassets */,
				016062A12BF0C0490063D4A3 /* LaunchScreen.storyboard */,
				016062A42BF0C0490063D4A3 /* Info.plist */,
			);
			path = Dz_13;
			sourceTree = "<group>";
		};
		016062AA2BF0C0F90063D4A3 /* Model */ = {
			isa = PBXGroup;
			children = (
				016062AB2BF0C1050063D4A3 /* Model.swift */,
				016062AD2BF0C1960063D4A3 /* ModelSection.swift */,
			);
			path = Model;
			sourceTree = "<group>";
		};
		016062AF2BF0C35B0063D4A3 /* Ext */ = {
			isa = PBXGroup;
			children = (
				016062B02BF0C3700063D4A3 /* UIView.ext.swift */,
				016062BC2BF0CB650063D4A3 /* MakeCircle.swift */,
				014E9C8C2BF6295500F86A4E /* makeWhiteView.swift */,
				014E9C8E2BF62E4300F86A4E /* MakeIcon.swift */,
				014E9C902BF6346A00F86A4E /* MakeText.swift */,
			);
			path = Ext;
			sourceTree = "<group>";
		};
		016062B32BF0C6060063D4A3 /* Screen */ = {
			isa = PBXGroup;
			children = (
				016062B42BF0C61F0063D4A3 /* Cell */,
				0160629A2BF0C0480063D4A3 /* ViewController.swift */,
				016062BE2BF0D6310063D4A3 /* BackViewController.swift */,
				016062C02BF0D64C0063D4A3 /* NextViewController.swift */,
			);
			path = Screen;
			sourceTree = "<group>";
		};
		016062B42BF0C61F0063D4A3 /* Cell */ = {
			isa = PBXGroup;
			children = (
				016062B72BF0C6630063D4A3 /* Protocol */,
				016062B52BF0C6580063D4A3 /* IconCollectionViewCell.swift */,
				016062BA2BF0C7630063D4A3 /* NextCollectionViewCell.swift */,
			);
			path = Cell;
			sourceTree = "<group>";
		};
		016062B72BF0C6630063D4A3 /* Protocol */ = {
			isa = PBXGroup;
			children = (
				016062B82BF0C66F0063D4A3 /* CellProtocol.swift */,
			);
			path = Protocol;
			sourceTree = "<group>";
		};
		016062C22BF101C50063D4A3 /* UbuntuFont */ = {
			isa = PBXGroup;
			children = (
				016062C32BF101C50063D4A3 /* UbuntuMedium.ttf */,
				016062C52BF101C50063D4A3 /* UbuntuRegular.ttf */,
				016062C62BF101C50063D4A3 /* UbuntuBold.ttf */,
			);
			name = UbuntuFont;
			path = ../../../Downloads/UbuntuFont;
			sourceTree = "<group>";
		};
/* End PBXGroup section */

/* Begin PBXNativeTarget section */
		016062922BF0C0480063D4A3 /* Dz_13 */ = {
			isa = PBXNativeTarget;
			buildConfigurationList = 016062A72BF0C0490063D4A3 /* Build configuration list for PBXNativeTarget "Dz_13" */;
			buildPhases = (
				0160628F2BF0C0480063D4A3 /* Sources */,
				016062902BF0C0480063D4A3 /* Frameworks */,
				016062912BF0C0480063D4A3 /* Resources */,
			);
			buildRules = (
			);
			dependencies = (
			);
			name = Dz_13;
			productName = Dz_13;
			productReference = 016062932BF0C0480063D4A3 /* Dz_13.app */;
			productType = "com.apple.product-type.application";
		};
/* End PBXNativeTarget section */

/* Begin PBXProject section */
		0160628B2BF0C0480063D4A3 /* Project object */ = {
			isa = PBXProject;
			attributes = {
				BuildIndependentTargetsInParallel = 1;
				LastSwiftUpdateCheck = 1510;
				LastUpgradeCheck = 1510;
				TargetAttributes = {
					016062922BF0C0480063D4A3 = {
						CreatedOnToolsVersion = 15.1;
					};
				};
			};
			buildConfigurationList = 0160628E2BF0C0480063D4A3 /* Build configuration list for PBXProject "Dz_13" */;
			compatibilityVersion = "Xcode 14.0";
			developmentRegion = en;
			hasScannedForEncodings = 0;
			knownRegions = (
				en,
				Base,
			);
			mainGroup = 0160628A2BF0C0480063D4A3;
			productRefGroup = 016062942BF0C0480063D4A3 /* Products */;
			projectDirPath = "";
			projectRoot = "";
			targets = (
				016062922BF0C0480063D4A3 /* Dz_13 */,
			);
		};
/* End PBXProject section */

/* Begin PBXResourcesBuildPhase section */
		016062912BF0C0480063D4A3 /* Resources */ = {
			isa = PBXResourcesBuildPhase;
			buildActionMask = 2147483647;
			files = (
				016062A32BF0C0490063D4A3 /* LaunchScreen.storyboard in Resources */,
				016062CF2BF101C50063D4A3 /* UbuntuBold.ttf in Resources */,
				016062A02BF0C0490063D4A3 /* Assets.xcassets in Resources */,
				016062CE2BF101C50063D4A3 /* UbuntuRegular.ttf in Resources */,
				016062CC2BF101C50063D4A3 /* UbuntuMedium.ttf in Resources */,
			);
			runOnlyForDeploymentPostprocessing = 0;
		};
/* End PBXResourcesBuildPhase section */

/* Begin PBXSourcesBuildPhase section */
		0160628F2BF0C0480063D4A3 /* Sources */ = {
			isa = PBXSourcesBuildPhase;
			buildActionMask = 2147483647;
			files = (
				0160629B2BF0C0480063D4A3 /* ViewController.swift in Sources */,
				016062972BF0C0480063D4A3 /* AppDelegate.swift in Sources */,
				016062992BF0C0480063D4A3 /* SceneDelegate.swift in Sources */,
				014E9C912BF6346A00F86A4E /* MakeText.swift in Sources */,
				016062C12BF0D64C0063D4A3 /* NextViewController.swift in Sources */,
				016062BD2BF0CB650063D4A3 /* MakeCircle.swift in Sources */,
				016062B92BF0C66F0063D4A3 /* CellProtocol.swift in Sources */,
				016062AE2BF0C1960063D4A3 /* ModelSection.swift in Sources */,
				016062BB2BF0C7630063D4A3 /* NextCollectionViewCell.swift in Sources */,
				014E9C8F2BF62E4300F86A4E /* MakeIcon.swift in Sources */,
				016062AC2BF0C1050063D4A3 /* Model.swift in Sources */,
				014E9C8D2BF6295500F86A4E /* makeWhiteView.swift in Sources */,
				016062BF2BF0D6310063D4A3 /* BackViewController.swift in Sources */,
				016062B62BF0C6580063D4A3 /* IconCollectionViewCell.swift in Sources */,
				016062B12BF0C3700063D4A3 /* UIView.ext.swift in Sources */,
			);
			runOnlyForDeploymentPostprocessing = 0;
		};
/* End PBXSourcesBuildPhase section */

/* Begin PBXVariantGroup section */
		016062A12BF0C0490063D4A3 /* LaunchScreen.storyboard */ = {
			isa = PBXVariantGroup;
			children = (
				016062A22BF0C0490063D4A3 /* Base */,
			);
			name = LaunchScreen.storyboard;
			sourceTree = "<group>";
		};
/* End PBXVariantGroup section */

/* Begin XCBuildConfiguration section */
		016062A52BF0C0490063D4A3 /* Debug */ = {
			isa = XCBuildConfiguration;
			buildSettings = {
				ALWAYS_SEARCH_USER_PATHS = NO;
				ASSETCATALOG_COMPILER_GENERATE_SWIFT_ASSET_SYMBOL_EXTENSIONS = YES;
				CLANG_ANALYZER_NONNULL = YES;
				CLANG_ANALYZER_NUMBER_OBJECT_CONVERSION = YES_AGGRESSIVE;
				CLANG_CXX_LANGUAGE_STANDARD = "gnu++20";
				CLANG_ENABLE_MODULES = YES;
				CLANG_ENABLE_OBJC_ARC = YES;
				CLANG_ENABLE_OBJC_WEAK = YES;
				CLANG_WARN_BLOCK_CAPTURE_AUTORELEASING = YES;
				CLANG_WARN_BOOL_CONVERSION = YES;
				CLANG_WARN_COMMA = YES;
				CLANG_WARN_CONSTANT_CONVERSION = YES;
				CLANG_WARN_DEPRECATED_OBJC_IMPLEMENTATIONS = YES;
				CLANG_WARN_DIRECT_OBJC_ISA_USAGE = YES_ERROR;
				CLANG_WARN_DOCUMENTATION_COMMENTS = YES;
				CLANG_WARN_EMPTY_BODY = YES;
				CLANG_WARN_ENUM_CONVERSION = YES;
				CLANG_WARN_INFINITE_RECURSION = YES;
				CLANG_WARN_INT_CONVERSION = YES;
				CLANG_WARN_NON_LITERAL_NULL_CONVERSION = YES;
				CLANG_WARN_OBJC_IMPLICIT_RETAIN_SELF = YES;
				CLANG_WARN_OBJC_LITERAL_CONVERSION = YES;
				CLANG_WARN_OBJC_ROOT_CLASS = YES_ERROR;
				CLANG_WARN_QUOTED_INCLUDE_IN_FRAMEWORK_HEADER = YES;
				CLANG_WARN_RANGE_LOOP_ANALYSIS = YES;
				CLANG_WARN_STRICT_PROTOTYPES = YES;
				CLANG_WARN_SUSPICIOUS_MOVE = YES;
				CLANG_WARN_UNGUARDED_AVAILABILITY = YES_AGGRESSIVE;
				CLANG_WARN_UNREACHABLE_CODE = YES;
				CLANG_WARN__DUPLICATE_METHOD_MATCH = YES;
				COPY_PHASE_STRIP = NO;
				DEBUG_INFORMATION_FORMAT = dwarf;
				ENABLE_STRICT_OBJC_MSGSEND = YES;
				ENABLE_TESTABILITY = YES;
				ENABLE_USER_SCRIPT_SANDBOXING = YES;
				GCC_C_LANGUAGE_STANDARD = gnu17;
				GCC_DYNAMIC_NO_PIC = NO;
				GCC_NO_COMMON_BLOCKS = YES;
				GCC_OPTIMIZATION_LEVEL = 0;
				GCC_PREPROCESSOR_DEFINITIONS = (
					"DEBUG=1",
					"$(inherited)",
				);
				GCC_WARN_64_TO_32_BIT_CONVERSION = YES;
				GCC_WARN_ABOUT_RETURN_TYPE = YES_ERROR;
				GCC_WARN_UNDECLARED_SELECTOR = YES;
				GCC_WARN_UNINITIALIZED_AUTOS = YES_AGGRESSIVE;
				GCC_WARN_UNUSED_FUNCTION = YES;
				GCC_WARN_UNUSED_VARIABLE = YES;
				IPHONEOS_DEPLOYMENT_TARGET = 17.2;
				LOCALIZATION_PREFERS_STRING_CATALOGS = YES;
				MTL_ENABLE_DEBUG_INFO = INCLUDE_SOURCE;
				MTL_FAST_MATH = YES;
				ONLY_ACTIVE_ARCH = YES;
				SDKROOT = iphoneos;
				SWIFT_ACTIVE_COMPILATION_CONDITIONS = "DEBUG $(inherited)";
				SWIFT_OPTIMIZATION_LEVEL = "-Onone";
			};
			name = Debug;
		};
		016062A62BF0C0490063D4A3 /* Release */ = {
			isa = XCBuildConfiguration;
			buildSettings = {
				ALWAYS_SEARCH_USER_PATHS = NO;
				ASSETCATALOG_COMPILER_GENERATE_SWIFT_ASSET_SYMBOL_EXTENSIONS = YES;
				CLANG_ANALYZER_NONNULL = YES;
				CLANG_ANALYZER_NUMBER_OBJECT_CONVERSION = YES_AGGRESSIVE;
				CLANG_CXX_LANGUAGE_STANDARD = "gnu++20";
				CLANG_ENABLE_MODULES = YES;
				CLANG_ENABLE_OBJC_ARC = YES;
				CLANG_ENABLE_OBJC_WEAK = YES;
				CLANG_WARN_BLOCK_CAPTURE_AUTORELEASING = YES;
				CLANG_WARN_BOOL_CONVERSION = YES;
				CLANG_WARN_COMMA = YES;
				CLANG_WARN_CONSTANT_CONVERSION = YES;
				CLANG_WARN_DEPRECATED_OBJC_IMPLEMENTATIONS = YES;
				CLANG_WARN_DIRECT_OBJC_ISA_USAGE = YES_ERROR;
				CLANG_WARN_DOCUMENTATION_COMMENTS = YES;
				CLANG_WARN_EMPTY_BODY = YES;
				CLANG_WARN_ENUM_CONVERSION = YES;
				CLANG_WARN_INFINITE_RECURSION = YES;
				CLANG_WARN_INT_CONVERSION = YES;
				CLANG_WARN_NON_LITERAL_NULL_CONVERSION = YES;
				CLANG_WARN_OBJC_IMPLICIT_RETAIN_SELF = YES;
				CLANG_WARN_OBJC_LITERAL_CONVERSION = YES;
				CLANG_WARN_OBJC_ROOT_CLASS = YES_ERROR;
				CLANG_WARN_QUOTED_INCLUDE_IN_FRAMEWORK_HEADER = YES;
				CLANG_WARN_RANGE_LOOP_ANALYSIS = YES;
				CLANG_WARN_STRICT_PROTOTYPES = YES;
				CLANG_WARN_SUSPICIOUS_MOVE = YES;
				CLANG_WARN_UNGUARDED_AVAILABILITY = YES_AGGRESSIVE;
				CLANG_WARN_UNREACHABLE_CODE = YES;
				CLANG_WARN__DUPLICATE_METHOD_MATCH = YES;
				COPY_PHASE_STRIP = NO;
				DEBUG_INFORMATION_FORMAT = "dwarf-with-dsym";
				ENABLE_NS_ASSERTIONS = NO;
				ENABLE_STRICT_OBJC_MSGSEND = YES;
				ENABLE_USER_SCRIPT_SANDBOXING = YES;
				GCC_C_LANGUAGE_STANDARD = gnu17;
				GCC_NO_COMMON_BLOCKS = YES;
				GCC_WARN_64_TO_32_BIT_CONVERSION = YES;
				GCC_WARN_ABOUT_RETURN_TYPE = YES_ERROR;
				GCC_WARN_UNDECLARED_SELECTOR = YES;
				GCC_WARN_UNINITIALIZED_AUTOS = YES_AGGRESSIVE;
				GCC_WARN_UNUSED_FUNCTION = YES;
				GCC_WARN_UNUSED_VARIABLE = YES;
				IPHONEOS_DEPLOYMENT_TARGET = 17.2;
				LOCALIZATION_PREFERS_STRING_CATALOGS = YES;
				MTL_ENABLE_DEBUG_INFO = NO;
				MTL_FAST_MATH = YES;
				SDKROOT = iphoneos;
				SWIFT_COMPILATION_MODE = wholemodule;
				VALIDATE_PRODUCT = YES;
			};
			name = Release;
		};
		016062A82BF0C0490063D4A3 /* Debug */ = {
			isa = XCBuildConfiguration;
			buildSettings = {
				ASSETCATALOG_COMPILER_APPICON_NAME = AppIcon;
				ASSETCATALOG_COMPILER_GLOBAL_ACCENT_COLOR_NAME = AccentColor;
				CODE_SIGN_STYLE = Automatic;
				CURRENT_PROJECT_VERSION = 1;
				DEVELOPMENT_TEAM = P5MXWP66K9;
				GENERATE_INFOPLIST_FILE = YES;
				INFOPLIST_FILE = Dz_13/Info.plist;
				INFOPLIST_KEY_UIApplicationSupportsIndirectInputEvents = YES;
				INFOPLIST_KEY_UILaunchStoryboardName = LaunchScreen;
				INFOPLIST_KEY_UISupportedInterfaceOrientations_iPad = "UIInterfaceOrientationPortrait UIInterfaceOrientationPortraitUpsideDown UIInterfaceOrientationLandscapeLeft UIInterfaceOrientationLandscapeRight";
				INFOPLIST_KEY_UISupportedInterfaceOrientations_iPhone = "UIInterfaceOrientationPortrait UIInterfaceOrientationLandscapeLeft UIInterfaceOrientationLandscapeRight";
				LD_RUNPATH_SEARCH_PATHS = (
					"$(inherited)",
					"@executable_path/Frameworks",
				);
				MARKETING_VERSION = 1.0;
				PRODUCT_BUNDLE_IDENTIFIER = "com.shipovskiy.Dz-13";
				PRODUCT_NAME = "$(TARGET_NAME)";
				SWIFT_EMIT_LOC_STRINGS = YES;
				SWIFT_VERSION = 5.0;
				TARGETED_DEVICE_FAMILY = "1,2";
			};
			name = Debug;
		};
		016062A92BF0C0490063D4A3 /* Release */ = {
			isa = XCBuildConfiguration;
			buildSettings = {
				ASSETCATALOG_COMPILER_APPICON_NAME = AppIcon;
				ASSETCATALOG_COMPILER_GLOBAL_ACCENT_COLOR_NAME = AccentColor;
				CODE_SIGN_STYLE = Automatic;
				CURRENT_PROJECT_VERSION = 1;
				DEVELOPMENT_TEAM = P5MXWP66K9;
				GENERATE_INFOPLIST_FILE = YES;
				INFOPLIST_FILE = Dz_13/Info.plist;
				INFOPLIST_KEY_UIApplicationSupportsIndirectInputEvents = YES;
				INFOPLIST_KEY_UILaunchStoryboardName = LaunchScreen;
				INFOPLIST_KEY_UISupportedInterfaceOrientations_iPad = "UIInterfaceOrientationPortrait UIInterfaceOrientationPortraitUpsideDown UIInterfaceOrientationLandscapeLeft UIInterfaceOrientationLandscapeRight";
				INFOPLIST_KEY_UISupportedInterfaceOrientations_iPhone = "UIInterfaceOrientationPortrait UIInterfaceOrientationLandscapeLeft UIInterfaceOrientationLandscapeRight";
				LD_RUNPATH_SEARCH_PATHS = (
					"$(inherited)",
					"@executable_path/Frameworks",
				);
				MARKETING_VERSION = 1.0;
				PRODUCT_BUNDLE_IDENTIFIER = "com.shipovskiy.Dz-13";
				PRODUCT_NAME = "$(TARGET_NAME)";
				SWIFT_EMIT_LOC_STRINGS = YES;
				SWIFT_VERSION = 5.0;
				TARGETED_DEVICE_FAMILY = "1,2";
			};
			name = Release;
		};
/* End XCBuildConfiguration section */

/* Begin XCConfigurationList section */
		0160628E2BF0C0480063D4A3 /* Build configuration list for PBXProject "Dz_13" */ = {
			isa = XCConfigurationList;
			buildConfigurations = (
				016062A52BF0C0490063D4A3 /* Debug */,
				016062A62BF0C0490063D4A3 /* Release */,
			);
			defaultConfigurationIsVisible = 0;
			defaultConfigurationName = Release;
		};
		016062A72BF0C0490063D4A3 /* Build configuration list for PBXNativeTarget "Dz_13" */ = {
			isa = XCConfigurationList;
			buildConfigurations = (
				016062A82BF0C0490063D4A3 /* Debug */,
				016062A92BF0C0490063D4A3 /* Release */,
			);
			defaultConfigurationIsVisible = 0;
			defaultConfigurationName = Release;
		};
/* End XCConfigurationList section */
	};
	rootObject = 0160628B2BF0C0480063D4A3 /* Project object */;
}
